
Microsoft Visual Studio Solution File, Format Version 12.00
Project("{FAE04EC0-301F-11D3-BF4B-00C04F79EFBC}") = "ShopSearch", "ShopSearch\ShopSearch.csproj", "{650F6F4F-79F8-41F1-945D-AC4678C5CC80}"
EndProject
Global
	GlobalSection(SolutionConfigurationPlatforms) = preSolution
		Debug|Any CPU = Debug|Any CPU
		Release|Any CPU = Release|Any CPU
	EndGlobalSection
	GlobalSection(ProjectConfigurationPlatforms) = postSolution
		{650F6F4F-79F8-41F1-945D-AC4678C5CC80}.Debug|Any CPU.ActiveCfg = Debug|Any CPU
		{650F6F4F-79F8-41F1-945D-AC4678C5CC80}.Debug|Any CPU.Build.0 = Debug|Any CPU
		{650F6F4F-79F8-41F1-945D-AC4678C5CC80}.Release|Any CPU.ActiveCfg = Release|Any CPU
		{650F6F4F-79F8-41F1-945D-AC4678C5CC80}.Release|Any CPU.Build.0 = Release|Any CPU
	EndGlobalSection
EndGlobal
